
Microsoft Visual Studio Solution File, Format Version 12.00
# Visual Studio Version 17
VisualStudioVersion = 17.14.37111.16 d17.14
MinimumVisualStudioVersion = 10.0.40219.1
Project("{FAE04EC0-301F-11D3-BF4B-00C04F79EFBC}") = "CalorieTracker", "CalorieTracker\CalorieTracker.csproj", "{B0F11899-66BA-454E-BBFD-A482AF34652D}"
EndProject
Global
	GlobalSection(SolutionConfigurationPlatforms) = preSolution
		Debug|Any CPU = Debug|Any CPU
		Release|Any CPU = Release|Any CPU
	EndGlobalSection
	GlobalSection(ProjectConfigurationPlatforms) = postSolution
		{B0F11899-66BA-454E-BBFD-A482AF34652D}.Debug|Any CPU.ActiveCfg = Debug|Any CPU
		{B0F11899-66BA-454E-BBFD-A482AF34652D}.Debug|Any CPU.Build.0 = Debug|Any CPU
		{B0F11899-66BA-454E-BBFD-A482AF34652D}.Release|Any CPU.ActiveCfg = Release|Any CPU
		{B0F11899-66BA-454E-BBFD-A482AF34652D}.Release|Any CPU.Build.0 = Release|Any CPU
	EndGlobalSection
	GlobalSection(SolutionProperties) = preSolution
		HideSolutionNode = FALSE
	EndGlobalSection
	GlobalSection(ExtensibilityGlobals) = postSolution
		SolutionGuid = {71B31491-5D1E-44B5-B491-B375D8BAFDDF}
	EndGlobalSection
EndGlobal
